// !$*UTF8*$!
{
	archiveVersion = 1;
	classes = {
	};
	objectVersion = 55;
	objects = {

/* Begin PBXBuildFile section */
		B220B6AD272480E5003E1BA5 /* hikeData.json in Resources */ = {isa = PBXBuildFile; fileRef = B220B6AC272480E5003E1BA5 /* hikeData.json */; };
		B220B6AF2724815B003E1BA5 /* Hike.swift in Sources */ = {isa = PBXBuildFile; fileRef = B220B6AE2724815B003E1BA5 /* Hike.swift */; };
		B220B6B727248237003E1BA5 /* HikeGraph.swift in Sources */ = {isa = PBXBuildFile; fileRef = B220B6B327248237003E1BA5 /* HikeGraph.swift */; };
		B220B6B827248237003E1BA5 /* GraphCapsule.swift in Sources */ = {isa = PBXBuildFile; fileRef = B220B6B427248237003E1BA5 /* GraphCapsule.swift */; };
		B220B6B927248237003E1BA5 /* HikeDetail.swift in Sources */ = {isa = PBXBuildFile; fileRef = B220B6B527248237003E1BA5 /* HikeDetail.swift */; };
		B220B6BA27248237003E1BA5 /* HikeView.swift in Sources */ = {isa = PBXBuildFile; fileRef = B220B6B627248237003E1BA5 /* HikeView.swift */; };
		B220B6C32724972E003E1BA5 /* CatergoryHome.swift in Sources */ = {isa = PBXBuildFile; fileRef = B220B6C22724972E003E1BA5 /* CatergoryHome.swift */; };
		B220B6C527249750003E1BA5 /* CategoryItem.swift in Sources */ = {isa = PBXBuildFile; fileRef = B220B6C427249750003E1BA5 /* CategoryItem.swift */; };
		B220B6C727249787003E1BA5 /* CategoryRow.swift in Sources */ = {isa = PBXBuildFile; fileRef = B220B6C627249787003E1BA5 /* CategoryRow.swift */; };
		B220B6C927249925003E1BA5 /* HexagonParameters.swift in Sources */ = {isa = PBXBuildFile; fileRef = B220B6C827249925003E1BA5 /* HexagonParameters.swift */; };
		B220B6CF272499EF003E1BA5 /* Badge.swift in Sources */ = {isa = PBXBuildFile; fileRef = B220B6CE272499EF003E1BA5 /* Badge.swift */; };
		B220B6D127249A15003E1BA5 /* RotatedBadgeSymbol.swift in Sources */ = {isa = PBXBuildFile; fileRef = B220B6D027249A15003E1BA5 /* RotatedBadgeSymbol.swift */; };
		B220B6D327249A3A003E1BA5 /* BadgeSymbol.swift in Sources */ = {isa = PBXBuildFile; fileRef = B220B6D227249A3A003E1BA5 /* BadgeSymbol.swift */; };
		B220B6DB2724A765003E1BA5 /* Profile.swift in Sources */ = {isa = PBXBuildFile; fileRef = B220B6DA2724A765003E1BA5 /* Profile.swift */; };
		B220B6DD2724A7B4003E1BA5 /* ProfileSummary.swift in Sources */ = {isa = PBXBuildFile; fileRef = B220B6DC2724A7B4003E1BA5 /* ProfileSummary.swift */; };
		B220B6DF2724A85B003E1BA5 /* HikeBadges.swift in Sources */ = {isa = PBXBuildFile; fileRef = B220B6DE2724A85B003E1BA5 /* HikeBadges.swift */; };
		B220B6E12724AA11003E1BA5 /* ProfileHost.swift in Sources */ = {isa = PBXBuildFile; fileRef = B220B6E02724AA11003E1BA5 /* ProfileHost.swift */; };
		B220B6E32724AB5F003E1BA5 /* ProfileEditor.swift in Sources */ = {isa = PBXBuildFile; fileRef = B220B6E22724AB5F003E1BA5 /* ProfileEditor.swift */; };
		B246A2A727232C7A002651CB /* landmarkData.json in Resources */ = {isa = PBXBuildFile; fileRef = B246A2A627232C7A002651CB /* landmarkData.json */; };
		B246A2A927232C99002651CB /* Landmark.swift in Sources */ = {isa = PBXBuildFile; fileRef = B246A2A827232C99002651CB /* Landmark.swift */; };
		B246A2AB27232ECA002651CB /* ModelData.swift in Sources */ = {isa = PBXBuildFile; fileRef = B246A2AA27232ECA002651CB /* ModelData.swift */; };
		B25E461F2723238B00A05663 /* CircleImage.swift in Sources */ = {isa = PBXBuildFile; fileRef = B25E461E2723238B00A05663 /* CircleImage.swift */; };
		B25E46212723247900A05663 /* MapView.swift in Sources */ = {isa = PBXBuildFile; fileRef = B25E46202723247900A05663 /* MapView.swift */; };
		B2995A852723FC17006ADC37 /* LandmarkRow.swift in Sources */ = {isa = PBXBuildFile; fileRef = B2995A842723FC17006ADC37 /* LandmarkRow.swift */; };
		B2D5CBA12722F864000653A9 /* LandmarksApp.swift in Sources */ = {isa = PBXBuildFile; fileRef = B2D5CBA02722F864000653A9 /* LandmarksApp.swift */; };
		B2D5CBA32722F864000653A9 /* ContentView.swift in Sources */ = {isa = PBXBuildFile; fileRef = B2D5CBA22722F864000653A9 /* ContentView.swift */; };
		B2D5CBA52722F866000653A9 /* Assets.xcassets in Resources */ = {isa = PBXBuildFile; fileRef = B2D5CBA42722F866000653A9 /* Assets.xcassets */; };
		B2D5CBA82722F866000653A9 /* Preview Assets.xcassets in Resources */ = {isa = PBXBuildFile; fileRef = B2D5CBA72722F866000653A9 /* Preview Assets.xcassets */; };
		B2DEAA5027240522001B58F4 /* LandmarkList.swift in Sources */ = {isa = PBXBuildFile; fileRef = B2DEAA4F27240522001B58F4 /* LandmarkList.swift */; };
		B2DEAA5227240778001B58F4 /* LandmarkDetail.swift in Sources */ = {isa = PBXBuildFile; fileRef = B2DEAA5127240778001B58F4 /* LandmarkDetail.swift */; };
		B2DEAA5427242B06001B58F4 /* FavoriteButton.swift in Sources */ = {isa = PBXBuildFile; fileRef = B2DEAA5327242B06001B58F4 /* FavoriteButton.swift */; };
		B2DEAA5927243887001B58F4 /* BadgeBackground.swift in Sources */ = {isa = PBXBuildFile; fileRef = B2DEAA5827243887001B58F4 /* BadgeBackground.swift */; };
/* End PBXBuildFile section */

/* Begin PBXFileReference section */
		B220B6AC272480E5003E1BA5 /* hikeData.json */ = {isa = PBXFileReference; fileEncoding = 4; lastKnownFileType = text.json; path = hikeData.json; sourceTree = "<group>"; };
		B220B6AE2724815B003E1BA5 /* Hike.swift */ = {isa = PBXFileReference; lastKnownFileType = sourcecode.swift; path = Hike.swift; sourceTree = "<group>"; };
		B220B6B327248237003E1BA5 /* HikeGraph.swift */ = {isa = PBXFileReference; fileEncoding = 4; lastKnownFileType = sourcecode.swift; path = HikeGraph.swift; sourceTree = "<group>"; };
		B220B6B427248237003E1BA5 /* GraphCapsule.swift */ = {isa = PBXFileReference; fileEncoding = 4; lastKnownFileType = sourcecode.swift; path = GraphCapsule.swift; sourceTree = "<group>"; };
		B220B6B527248237003E1BA5 /* HikeDetail.swift */ = {isa = PBXFileReference; fileEncoding = 4; lastKnownFileType = sourcecode.swift; path = HikeDetail.swift; sourceTree = "<group>"; };
		B220B6B627248237003E1BA5 /* HikeView.swift */ = {isa = PBXFileReference; fileEncoding = 4; lastKnownFileType = sourcecode.swift; path = HikeView.swift; sourceTree = "<group>"; };
		B220B6C22724972E003E1BA5 /* CatergoryHome.swift */ = {isa = PBXFileReference; lastKnownFileType = sourcecode.swift; path = CatergoryHome.swift; sourceTree = "<group>"; };
		B220B6C427249750003E1BA5 /* CategoryItem.swift */ = {isa = PBXFileReference; lastKnownFileType = sourcecode.swift; path = CategoryItem.swift; sourceTree = "<group>"; };
		B220B6C627249787003E1BA5 /* CategoryRow.swift */ = {isa = PBXFileReference; lastKnownFileType = sourcecode.swift; path = CategoryRow.swift; sourceTree = "<group>"; };
		B220B6C827249925003E1BA5 /* HexagonParameters.swift */ = {isa = PBXFileReference; lastKnownFileType = sourcecode.swift; path = HexagonParameters.swift; sourceTree = "<group>"; };
		B220B6CE272499EF003E1BA5 /* Badge.swift */ = {isa = PBXFileReference; lastKnownFileType = sourcecode.swift; path = Badge.swift; sourceTree = "<group>"; };
		B220B6D027249A15003E1BA5 /* RotatedBadgeSymbol.swift */ = {isa = PBXFileReference; lastKnownFileType = sourcecode.swift; path = RotatedBadgeSymbol.swift; sourceTree = "<group>"; };
		B220B6D227249A3A003E1BA5 /* BadgeSymbol.swift */ = {isa = PBXFileReference; lastKnownFileType = sourcecode.swift; path = BadgeSymbol.swift; sourceTree = "<group>"; };
		B220B6DA2724A765003E1BA5 /* Profile.swift */ = {isa = PBXFileReference; lastKnownFileType = sourcecode.swift; path = Profile.swift; sourceTree = "<group>"; };
		B220B6DC2724A7B4003E1BA5 /* ProfileSummary.swift */ = {isa = PBXFileReference; lastKnownFileType = sourcecode.swift; name = ProfileSummary.swift; path = ../../../../../../ProfileSummary.swift; sourceTree = "<group>"; };
		B220B6DE2724A85B003E1BA5 /* HikeBadges.swift */ = {isa = PBXFileReference; lastKnownFileType = sourcecode.swift; path = HikeBadges.swift; sourceTree = "<group>"; };
		B220B6E02724AA11003E1BA5 /* ProfileHost.swift */ = {isa = PBXFileReference; lastKnownFileType = sourcecode.swift; name = ProfileHost.swift; path = ../../../../../../ProfileHost.swift; sourceTree = "<group>"; };
		B220B6E22724AB5F003E1BA5 /* ProfileEditor.swift */ = {isa = PBXFileReference; lastKnownFileType = sourcecode.swift; name = ProfileEditor.swift; path = ../../../../../../ProfileEditor.swift; sourceTree = "<group>"; };
		B246A2A627232C7A002651CB /* landmarkData.json */ = {isa = PBXFileReference; fileEncoding = 4; lastKnownFileType = text.json; path = landmarkData.json; sourceTree = "<group>"; };
		B246A2A827232C99002651CB /* Landmark.swift */ = {isa = PBXFileReference; lastKnownFileType = sourcecode.swift; path = Landmark.swift; sourceTree = "<group>"; };
		B246A2AA27232ECA002651CB /* ModelData.swift */ = {isa = PBXFileReference; lastKnownFileType = sourcecode.swift; path = ModelData.swift; sourceTree = "<group>"; };
		B25E461E2723238B00A05663 /* CircleImage.swift */ = {isa = PBXFileReference; lastKnownFileType = sourcecode.swift; path = CircleImage.swift; sourceTree = "<group>"; };
		B25E46202723247900A05663 /* MapView.swift */ = {isa = PBXFileReference; lastKnownFileType = sourcecode.swift; path = MapView.swift; sourceTree = "<group>"; };
		B2995A842723FC17006ADC37 /* LandmarkRow.swift */ = {isa = PBXFileReference; lastKnownFileType = sourcecode.swift; path = LandmarkRow.swift; sourceTree = "<group>"; };
		B2D5CB9D2722F864000653A9 /* Landmarks.app */ = {isa = PBXFileReference; explicitFileType = wrapper.application; includeInIndex = 0; path = Landmarks.app; sourceTree = BUILT_PRODUCTS_DIR; };
		B2D5CBA02722F864000653A9 /* LandmarksApp.swift */ = {isa = PBXFileReference; lastKnownFileType = sourcecode.swift; path = LandmarksApp.swift; sourceTree = "<group>"; };
		B2D5CBA22722F864000653A9 /* ContentView.swift */ = {isa = PBXFileReference; lastKnownFileType = sourcecode.swift; path = ContentView.swift; sourceTree = "<group>"; };
		B2D5CBA42722F866000653A9 /* Assets.xcassets */ = {isa = PBXFileReference; lastKnownFileType = folder.assetcatalog; path = Assets.xcassets; sourceTree = "<group>"; };
		B2D5CBA72722F866000653A9 /* Preview Assets.xcassets */ = {isa = PBXFileReference; lastKnownFileType = folder.assetcatalog; path = "Preview Assets.xcassets"; sourceTree = "<group>"; };
		B2DEAA4F27240522001B58F4 /* LandmarkList.swift */ = {isa = PBXFileReference; lastKnownFileType = sourcecode.swift; path = LandmarkList.swift; sourceTree = "<group>"; };
		B2DEAA5127240778001B58F4 /* LandmarkDetail.swift */ = {isa = PBXFileReference; lastKnownFileType = sourcecode.swift; path = LandmarkDetail.swift; sourceTree = "<group>"; };
		B2DEAA5327242B06001B58F4 /* FavoriteButton.swift */ = {isa = PBXFileReference; lastKnownFileType = sourcecode.swift; path = FavoriteButton.swift; sourceTree = "<group>"; };
		B2DEAA5827243887001B58F4 /* BadgeBackground.swift */ = {isa = PBXFileReference; lastKnownFileType = sourcecode.swift; path = BadgeBackground.swift; sourceTree = "<group>"; };
/* End PBXFileReference section */

/* Begin PBXFrameworksBuildPhase section */
		B2D5CB9A2722F864000653A9 /* Frameworks */ = {
			isa = PBXFrameworksBuildPhase;
			buildActionMask = 2147483647;
			files = (
			);
			runOnlyForDeploymentPostprocessing = 0;
		};
/* End PBXFrameworksBuildPhase section */

/* Begin PBXGroup section */
		B220B6B027248163003E1BA5 /* Hike */ = {
			isa = PBXGroup;
			children = (
				B220B6AE2724815B003E1BA5 /* Hike.swift */,
				B220B6B427248237003E1BA5 /* GraphCapsule.swift */,
				B220B6B527248237003E1BA5 /* HikeDetail.swift */,
				B220B6B327248237003E1BA5 /* HikeGraph.swift */,
				B220B6B627248237003E1BA5 /* HikeView.swift */,
				B220B6DE2724A85B003E1BA5 /* HikeBadges.swift */,
			);
			name = Hike;
			path = "Hİke";
			sourceTree = "<group>";
		};
		B220B6BB27248A4B003E1BA5 /* Category */ = {
			isa = PBXGroup;
			children = (
				B220B6C22724972E003E1BA5 /* CatergoryHome.swift */,
				B220B6C427249750003E1BA5 /* CategoryItem.swift */,
				B220B6C627249787003E1BA5 /* CategoryRow.swift */,
			);
			path = Category;
			sourceTree = "<group>";
		};
		B220B6D427249A5D003E1BA5 /* Landmark */ = {
			isa = PBXGroup;
			children = (
				B2995A842723FC17006ADC37 /* LandmarkRow.swift */,
				B2DEAA4F27240522001B58F4 /* LandmarkList.swift */,
				B2DEAA5127240778001B58F4 /* LandmarkDetail.swift */,
			);
			path = Landmark;
			sourceTree = "<group>";
		};
		B220B6D927249F7A003E1BA5 /* Profile */ = {
			isa = PBXGroup;
			children = (
				B220B6DC2724A7B4003E1BA5 /* ProfileSummary.swift */,
				B220B6E02724AA11003E1BA5 /* ProfileHost.swift */,
				B220B6E22724AB5F003E1BA5 /* ProfileEditor.swift */,
			);
			name = Profile;
			sourceTree = "<group>";
		};
		B2995A7F2723FB80006ADC37 /* Views */ = {
			isa = PBXGroup;
			children = (
				B2D5CBA22722F864000653A9 /* ContentView.swift */,
				B220B6D927249F7A003E1BA5 /* Profile */,
				B220B6B027248163003E1BA5 /* Hike */,
				B2DEAA5A27243A39001B58F4 /* Badges */,
				B220B6BB27248A4B003E1BA5 /* Category */,
				B220B6D427249A5D003E1BA5 /* Landmark */,
				B2DEAA5527242B71001B58F4 /* Helpers */,
			);
			path = Views;
			sourceTree = "<group>";
		};
		B2995A802723FB9C006ADC37 /* Model */ = {
			isa = PBXGroup;
			children = (
				B246A2A827232C99002651CB /* Landmark.swift */,
				B246A2AA27232ECA002651CB /* ModelData.swift */,
				B220B6DA2724A765003E1BA5 /* Profile.swift */,
			);
			path = Model;
			sourceTree = "<group>";
		};
		B2995A812723FBA6006ADC37 /* Resourcues */ = {
			isa = PBXGroup;
			children = (
				B220B6AC272480E5003E1BA5 /* hikeData.json */,
				B246A2A627232C7A002651CB /* landmarkData.json */,
			);
			path = Resourcues;
			sourceTree = "<group>";
		};
		B2D5CB942722F864000653A9 = {
			isa = PBXGroup;
			children = (
				B2D5CB9F2722F864000653A9 /* Landmarks */,
				B2D5CB9E2722F864000653A9 /* Products */,
			);
			sourceTree = "<group>";
		};
		B2D5CB9E2722F864000653A9 /* Products */ = {
			isa = PBXGroup;
			children = (
				B2D5CB9D2722F864000653A9 /* Landmarks.app */,
			);
			name = Products;
			sourceTree = "<group>";
		};
		B2D5CB9F2722F864000653A9 /* Landmarks */ = {
			isa = PBXGroup;
			children = (
				B2D5CBA02722F864000653A9 /* LandmarksApp.swift */,
				B2995A7F2723FB80006ADC37 /* Views */,
				B2995A802723FB9C006ADC37 /* Model */,
				B2995A812723FBA6006ADC37 /* Resourcues */,
				B2D5CBA42722F866000653A9 /* Assets.xcassets */,
				B2D5CBA62722F866000653A9 /* Preview Content */,
			);
			path = Landmarks;
			sourceTree = "<group>";
		};
		B2D5CBA62722F866000653A9 /* Preview Content */ = {
			isa = PBXGroup;
			children = (
				B2D5CBA72722F866000653A9 /* Preview Assets.xcassets */,
			);
			path = "Preview Content";
			sourceTree = "<group>";
		};
		B2DEAA5527242B71001B58F4 /* Helpers */ = {
			isa = PBXGroup;
			children = (
				B25E46202723247900A05663 /* MapView.swift */,
				B25E461E2723238B00A05663 /* CircleImage.swift */,
				B2DEAA5327242B06001B58F4 /* FavoriteButton.swift */,
			);
			path = Helpers;
			sourceTree = "<group>";
		};
		B2DEAA5A27243A39001B58F4 /* Badges */ = {
			isa = PBXGroup;
			children = (
				B2DEAA5827243887001B58F4 /* BadgeBackground.swift */,
				B220B6C827249925003E1BA5 /* HexagonParameters.swift */,
				B220B6CE272499EF003E1BA5 /* Badge.swift */,
				B220B6D227249A3A003E1BA5 /* BadgeSymbol.swift */,
				B220B6D027249A15003E1BA5 /* RotatedBadgeSymbol.swift */,
			);
			path = Badges;
			sourceTree = "<group>";
		};
/* End PBXGroup section */

/* Begin PBXNativeTarget section */
		B2D5CB9C2722F864000653A9 /* Landmarks */ = {
			isa = PBXNativeTarget;
			buildConfigurationList = B2D5CBAB2722F866000653A9 /* Build configuration list for PBXNativeTarget "Landmarks" */;
			buildPhases = (
				B2D5CB992722F864000653A9 /* Sources */,
				B2D5CB9A2722F864000653A9 /* Frameworks */,
				B2D5CB9B2722F864000653A9 /* Resources */,
			);
			buildRules = (
			);
			dependencies = (
			);
			name = Landmarks;
			productName = Landmarks;
			productReference = B2D5CB9D2722F864000653A9 /* Landmarks.app */;
			productType = "com.apple.product-type.application";
		};
/* End PBXNativeTarget section */

/* Begin PBXProject section */
		B2D5CB952722F864000653A9 /* Project object */ = {
			isa = PBXProject;
			attributes = {
				BuildIndependentTargetsInParallel = 1;
				LastSwiftUpdateCheck = 1300;
				LastUpgradeCheck = 1300;
				TargetAttributes = {
					B2D5CB9C2722F864000653A9 = {
						CreatedOnToolsVersion = 13.0;
					};
				};
			};
			buildConfigurationList = B2D5CB982722F864000653A9 /* Build configuration list for PBXProject "Landmarks" */;
			compatibilityVersion = "Xcode 13.0";
			developmentRegion = en;
			hasScannedForEncodings = 0;
			knownRegions = (
				en,
				Base,
			);
			mainGroup = B2D5CB942722F864000653A9;
			productRefGroup = B2D5CB9E2722F864000653A9 /* Products */;
			projectDirPath = "";
			projectRoot = "";
			targets = (
				B2D5CB9C2722F864000653A9 /* Landmarks */,
			);
		};
/* End PBXProject section */

/* Begin PBXResourcesBuildPhase section */
		B2D5CB9B2722F864000653A9 /* Resources */ = {
			isa = PBXResourcesBuildPhase;
			buildActionMask = 2147483647;
			files = (
				B220B6AD272480E5003E1BA5 /* hikeData.json in Resources */,
				B2D5CBA82722F866000653A9 /* Preview Assets.xcassets in Resources */,
				B2D5CBA52722F866000653A9 /* Assets.xcassets in Resources */,
				B246A2A727232C7A002651CB /* landmarkData.json in Resources */,
			);
			runOnlyForDeploymentPostprocessing = 0;
		};
/* End PBXResourcesBuildPhase section */

/* Begin PBXSourcesBuildPhase section */
		B2D5CB992722F864000653A9 /* Sources */ = {
			isa = PBXSourcesBuildPhase;
			buildActionMask = 2147483647;
			files = (
				B220B6B727248237003E1BA5 /* HikeGraph.swift in Sources */,
				B220B6CF272499EF003E1BA5 /* Badge.swift in Sources */,
				B2D5CBA32722F864000653A9 /* ContentView.swift in Sources */,
				B25E46212723247900A05663 /* MapView.swift in Sources */,
				B220B6D327249A3A003E1BA5 /* BadgeSymbol.swift in Sources */,
				B2D5CBA12722F864000653A9 /* LandmarksApp.swift in Sources */,
				B220B6E12724AA11003E1BA5 /* ProfileHost.swift in Sources */,
				B220B6C32724972E003E1BA5 /* CatergoryHome.swift in Sources */,
				B2DEAA5027240522001B58F4 /* LandmarkList.swift in Sources */,
				B220B6C527249750003E1BA5 /* CategoryItem.swift in Sources */,
				B220B6C727249787003E1BA5 /* CategoryRow.swift in Sources */,
				B2DEAA5227240778001B58F4 /* LandmarkDetail.swift in Sources */,
				B220B6DD2724A7B4003E1BA5 /* ProfileSummary.swift in Sources */,
				B25E461F2723238B00A05663 /* CircleImage.swift in Sources */,
				B220B6C927249925003E1BA5 /* HexagonParameters.swift in Sources */,
				B2DEAA5927243887001B58F4 /* BadgeBackground.swift in Sources */,
				B2DEAA5427242B06001B58F4 /* FavoriteButton.swift in Sources */,
				B220B6DB2724A765003E1BA5 /* Profile.swift in Sources */,
				B220B6E32724AB5F003E1BA5 /* ProfileEditor.swift in Sources */,
				B246A2A927232C99002651CB /* Landmark.swift in Sources */,
				B2995A852723FC17006ADC37 /* LandmarkRow.swift in Sources */,
				B220B6BA27248237003E1BA5 /* HikeView.swift in Sources */,
				B220B6AF2724815B003E1BA5 /* Hike.swift in Sources */,
				B220B6B827248237003E1BA5 /* GraphCapsule.swift in Sources */,
				B246A2AB27232ECA002651CB /* ModelData.swift in Sources */,
				B220B6B927248237003E1BA5 /* HikeDetail.swift in Sources */,
				B220B6D127249A15003E1BA5 /* RotatedBadgeSymbol.swift in Sources */,
				B220B6DF2724A85B003E1BA5 /* HikeBadges.swift in Sources */,
			);
			runOnlyForDeploymentPostprocessing = 0;
		};
/* End PBXSourcesBuildPhase section */

/* Begin XCBuildConfiguration section */
		B2D5CBA92722F866000653A9 /* Debug */ = {
			isa = XCBuildConfiguration;
			buildSettings = {
				ALWAYS_SEARCH_USER_PATHS = NO;
				CLANG_ANALYZER_NONNULL = YES;
				CLANG_ANALYZER_NUMBER_OBJECT_CONVERSION = YES_AGGRESSIVE;
				CLANG_CXX_LANGUAGE_STANDARD = "gnu++17";
				CLANG_CXX_LIBRARY = "libc++";
				CLANG_ENABLE_MODULES = YES;
				CLANG_ENABLE_OBJC_ARC = YES;
				CLANG_ENABLE_OBJC_WEAK = YES;
				CLANG_WARN_BLOCK_CAPTURE_AUTORELEASING = YES;
				CLANG_WARN_BOOL_CONVERSION = YES;
				CLANG_WARN_COMMA = YES;
				CLANG_WARN_CONSTANT_CONVERSION = YES;
				CLANG_WARN_DEPRECATED_OBJC_IMPLEMENTATIONS = YES;
				CLANG_WARN_DIRECT_OBJC_ISA_USAGE = YES_ERROR;
				CLANG_WARN_DOCUMENTATION_COMMENTS = YES;
				CLANG_WARN_EMPTY_BODY = YES;
				CLANG_WARN_ENUM_CONVERSION = YES;
				CLANG_WARN_INFINITE_RECURSION = YES;
				CLANG_WARN_INT_CONVERSION = YES;
				CLANG_WARN_NON_LITERAL_NULL_CONVERSION = YES;
				CLANG_WARN_OBJC_IMPLICIT_RETAIN_SELF = YES;
				CLANG_WARN_OBJC_LITERAL_CONVERSION = YES;
				CLANG_WARN_OBJC_ROOT_CLASS = YES_ERROR;
				CLANG_WARN_QUOTED_INCLUDE_IN_FRAMEWORK_HEADER = YES;
				CLANG_WARN_RANGE_LOOP_ANALYSIS = YES;
				CLANG_WARN_STRICT_PROTOTYPES = YES;
				CLANG_WARN_SUSPICIOUS_MOVE = YES;
				CLANG_WARN_UNGUARDED_AVAILABILITY = YES_AGGRESSIVE;
				CLANG_WARN_UNREACHABLE_CODE = YES;
				CLANG_WARN__DUPLICATE_METHOD_MATCH = YES;
				COPY_PHASE_STRIP = NO;
				DEBUG_INFORMATION_FORMAT = dwarf;
				ENABLE_STRICT_OBJC_MSGSEND = YES;
				ENABLE_TESTABILITY = YES;
				GCC_C_LANGUAGE_STANDARD = gnu11;
				GCC_DYNAMIC_NO_PIC = NO;
				GCC_NO_COMMON_BLOCKS = YES;
				GCC_OPTIMIZATION_LEVEL = 0;
				GCC_PREPROCESSOR_DEFINITIONS = (
					"DEBUG=1",
					"$(inherited)",
				);
				GCC_WARN_64_TO_32_BIT_CONVERSION = YES;
				GCC_WARN_ABOUT_RETURN_TYPE = YES_ERROR;
				GCC_WARN_UNDECLARED_SELECTOR = YES;
				GCC_WARN_UNINITIALIZED_AUTOS = YES_AGGRESSIVE;
				GCC_WARN_UNUSED_FUNCTION = YES;
				GCC_WARN_UNUSED_VARIABLE = YES;
				IPHONEOS_DEPLOYMENT_TARGET = 15.0;
				MTL_ENABLE_DEBUG_INFO = INCLUDE_SOURCE;
				MTL_FAST_MATH = YES;
				ONLY_ACTIVE_ARCH = YES;
				SDKROOT = iphoneos;
				SWIFT_ACTIVE_COMPILATION_CONDITIONS = DEBUG;
				SWIFT_OPTIMIZATION_LEVEL = "-Onone";
			};
			name = Debug;
		};
		B2D5CBAA2722F866000653A9 /* Release */ = {
			isa = XCBuildConfiguration;
			buildSettings = {
				ALWAYS_SEARCH_USER_PATHS = NO;
				CLANG_ANALYZER_NONNULL = YES;
				CLANG_ANALYZER_NUMBER_OBJECT_CONVERSION = YES_AGGRESSIVE;
				CLANG_CXX_LANGUAGE_STANDARD = "gnu++17";
				CLANG_CXX_LIBRARY = "libc++";
				CLANG_ENABLE_MODULES = YES;
				CLANG_ENABLE_OBJC_ARC = YES;
				CLANG_ENABLE_OBJC_WEAK = YES;
				CLANG_WARN_BLOCK_CAPTURE_AUTORELEASING = YES;
				CLANG_WARN_BOOL_CONVERSION = YES;
				CLANG_WARN_COMMA = YES;
				CLANG_WARN_CONSTANT_CONVERSION = YES;
				CLANG_WARN_DEPRECATED_OBJC_IMPLEMENTATIONS = YES;
				CLANG_WARN_DIRECT_OBJC_ISA_USAGE = YES_ERROR;
				CLANG_WARN_DOCUMENTATION_COMMENTS = YES;
				CLANG_WARN_EMPTY_BODY = YES;
				CLANG_WARN_ENUM_CONVERSION = YES;
				CLANG_WARN_INFINITE_RECURSION = YES;
				CLANG_WARN_INT_CONVERSION = YES;
				CLANG_WARN_NON_LITERAL_NULL_CONVERSION = YES;
				CLANG_WARN_OBJC_IMPLICIT_RETAIN_SELF = YES;
				CLANG_WARN_OBJC_LITERAL_CONVERSION = YES;
				CLANG_WARN_OBJC_ROOT_CLASS = YES_ERROR;
				CLANG_WARN_QUOTED_INCLUDE_IN_FRAMEWORK_HEADER = YES;
				CLANG_WARN_RANGE_LOOP_ANALYSIS = YES;
				CLANG_WARN_STRICT_PROTOTYPES = YES;
				CLANG_WARN_SUSPICIOUS_MOVE = YES;
				CLANG_WARN_UNGUARDED_AVAILABILITY = YES_AGGRESSIVE;
				CLANG_WARN_UNREACHABLE_CODE = YES;
				CLANG_WARN__DUPLICATE_METHOD_MATCH = YES;
				COPY_PHASE_STRIP = NO;
				DEBUG_INFORMATION_FORMAT = "dwarf-with-dsym";
				ENABLE_NS_ASSERTIONS = NO;
				ENABLE_STRICT_OBJC_MSGSEND = YES;
				GCC_C_LANGUAGE_STANDARD = gnu11;
				GCC_NO_COMMON_BLOCKS = YES;
				GCC_WARN_64_TO_32_BIT_CONVERSION = YES;
				GCC_WARN_ABOUT_RETURN_TYPE = YES_ERROR;
				GCC_WARN_UNDECLARED_SELECTOR = YES;
				GCC_WARN_UNINITIALIZED_AUTOS = YES_AGGRESSIVE;
				GCC_WARN_UNUSED_FUNCTION = YES;
				GCC_WARN_UNUSED_VARIABLE = YES;
				IPHONEOS_DEPLOYMENT_TARGET = 15.0;
				MTL_ENABLE_DEBUG_INFO = NO;
				MTL_FAST_MATH = YES;
				SDKROOT = iphoneos;
				SWIFT_COMPILATION_MODE = wholemodule;
				SWIFT_OPTIMIZATION_LEVEL = "-O";
				VALIDATE_PRODUCT = YES;
			};
			name = Release;
		};
		B2D5CBAC2722F866000653A9 /* Debug */ = {
			isa = XCBuildConfiguration;
			buildSettings = {
				ASSETCATALOG_COMPILER_APPICON_NAME = AppIcon;
				ASSETCATALOG_COMPILER_GLOBAL_ACCENT_COLOR_NAME = AccentColor;
				CODE_SIGN_STYLE = Automatic;
				CURRENT_PROJECT_VERSION = 1;
				DEVELOPMENT_ASSET_PATHS = "\"Landmarks/Preview Content\"";
				DEVELOPMENT_TEAM = S8QK476L9H;
				ENABLE_PREVIEWS = YES;
				GENERATE_INFOPLIST_FILE = YES;
				INFOPLIST_KEY_UIApplicationSceneManifest_Generation = YES;
				INFOPLIST_KEY_UIApplicationSupportsIndirectInputEvents = YES;
				INFOPLIST_KEY_UILaunchScreen_Generation = YES;
				INFOPLIST_KEY_UISupportedInterfaceOrientations_iPad = "UIInterfaceOrientationPortrait UIInterfaceOrientationPortraitUpsideDown UIInterfaceOrientationLandscapeLeft UIInterfaceOrientationLandscapeRight";
				INFOPLIST_KEY_UISupportedInterfaceOrientations_iPhone = "UIInterfaceOrientationPortrait UIInterfaceOrientationLandscapeLeft UIInterfaceOrientationLandscapeRight";
				IPHONEOS_DEPLOYMENT_TARGET = 14.0;
				LD_RUNPATH_SEARCH_PATHS = (
					"$(inherited)",
					"@executable_path/Frameworks",
				);
				MARKETING_VERSION = 1.0;
				PRODUCT_BUNDLE_IDENTIFIER = xzips.Landmarks;
				PRODUCT_NAME = "$(TARGET_NAME)";
				SWIFT_EMIT_LOC_STRINGS = YES;
				SWIFT_VERSION = 5.0;
				TARGETED_DEVICE_FAMILY = "1,2";
			};
			name = Debug;
		};
		B2D5CBAD2722F866000653A9 /* Release */ = {
			isa = XCBuildConfiguration;
			buildSettings = {
				ASSETCATALOG_COMPILER_APPICON_NAME = AppIcon;
				ASSETCATALOG_COMPILER_GLOBAL_ACCENT_COLOR_NAME = AccentColor;
				CODE_SIGN_STYLE = Automatic;
				CURRENT_PROJECT_VERSION = 1;
				DEVELOPMENT_ASSET_PATHS = "\"Landmarks/Preview Content\"";
				DEVELOPMENT_TEAM = S8QK476L9H;
				ENABLE_PREVIEWS = YES;
				GENERATE_INFOPLIST_FILE = YES;
				INFOPLIST_KEY_UIApplicationSceneManifest_Generation = YES;
				INFOPLIST_KEY_UIApplicationSupportsIndirectInputEvents = YES;
				INFOPLIST_KEY_UILaunchScreen_Generation = YES;
				INFOPLIST_KEY_UISupportedInterfaceOrientations_iPad = "UIInterfaceOrientationPortrait UIInterfaceOrientationPortraitUpsideDown UIInterfaceOrientationLandscapeLeft UIInterfaceOrientationLandscapeRight";
				INFOPLIST_KEY_UISupportedInterfaceOrientations_iPhone = "UIInterfaceOrientationPortrait UIInterfaceOrientationLandscapeLeft UIInterfaceOrientationLandscapeRight";
				IPHONEOS_DEPLOYMENT_TARGET = 14.0;
				LD_RUNPATH_SEARCH_PATHS = (
					"$(inherited)",
					"@executable_path/Frameworks",
				);
				MARKETING_VERSION = 1.0;
				PRODUCT_BUNDLE_IDENTIFIER = xzips.Landmarks;
				PRODUCT_NAME = "$(TARGET_NAME)";
				SWIFT_EMIT_LOC_STRINGS = YES;
				SWIFT_VERSION = 5.0;
				TARGETED_DEVICE_FAMILY = "1,2";
			};
			name = Release;
		};
/* End XCBuildConfiguration section */

/* Begin XCConfigurationList section */
		B2D5CB982722F864000653A9 /* Build configuration list for PBXProject "Landmarks" */ = {
			isa = XCConfigurationList;
			buildConfigurations = (
				B2D5CBA92722F866000653A9 /* Debug */,
				B2D5CBAA2722F866000653A9 /* Release */,
			);
			defaultConfigurationIsVisible = 0;
			defaultConfigurationName = Release;
		};
		B2D5CBAB2722F866000653A9 /* Build configuration list for PBXNativeTarget "Landmarks" */ = {
			isa = XCConfigurationList;
			buildConfigurations = (
				B2D5CBAC2722F866000653A9 /* Debug */,
				B2D5CBAD2722F866000653A9 /* Release */,
			);
			defaultConfigurationIsVisible = 0;
			defaultConfigurationName = Release;
		};
/* End XCConfigurationList section */
	};
	rootObject = B2D5CB952722F864000653A9 /* Project object */;
}
